
Microsoft Visual Studio Solution File, Format Version 12.00
# Visual Studio Version 16
VisualStudioVersion = 16.0.30611.23
MinimumVisualStudioVersion = 10.0.40219.1
Project("{FAE04EC0-301F-11D3-BF4B-00C04F79EFBC}") = "UserProfileApi", "UserProfileApi.csproj", "{1B7D5BCE-2D39-493B-9313-4177700A0C5D}"
EndProject
Global
	GlobalSection(SolutionConfigurationPlatforms) = preSolution
		Debug|Any CPU = Debug|Any CPU
		Release|Any CPU = Release|Any CPU
	EndGlobalSection
	GlobalSection(ProjectConfigurationPlatforms) = postSolution
		{1B7D5BCE-2D39-493B-9313-4177700A0C5D}.Debug|Any CPU.ActiveCfg = Debug|Any CPU
		{1B7D5BCE-2D39-493B-9313-4177700A0C5D}.Debug|Any CPU.Build.0 = Debug|Any CPU
		{1B7D5BCE-2D39-493B-9313-4177700A0C5D}.Release|Any CPU.ActiveCfg = Release|Any CPU
		{1B7D5BCE-2D39-493B-9313-4177700A0C5D}.Release|Any CPU.Build.0 = Release|Any CPU
	EndGlobalSection
	GlobalSection(SolutionProperties) = preSolution
		HideSolutionNode = FALSE
	EndGlobalSection
	GlobalSection(ExtensibilityGlobals) = postSolution
		SolutionGuid = {108C3F7B-FD22-41D8-A332-66467CDF652B}
	EndGlobalSection
EndGlobal
